
Microsoft Visual Studio Solution File, Format Version 12.00
# Visual Studio Version 17
VisualStudioVersion = 17.4.33213.308
MinimumVisualStudioVersion = 10.0.40219.1
Project("{FAE04EC0-301F-11D3-BF4B-00C04F79EFBC}") = "FolderBackup", "FolderBackup.csproj", "{A5140851-9F98-4791-8E18-F541BF8230E1}"
EndProject
Global
	GlobalSection(SolutionConfigurationPlatforms) = preSolution
		Debug|Any CPU = Debug|Any CPU
		Release|Any CPU = Release|Any CPU
	EndGlobalSection
	GlobalSection(ProjectConfigurationPlatforms) = postSolution
		{A5140851-9F98-4791-8E18-F541BF8230E1}.Debug|Any CPU.ActiveCfg = Debug|Any CPU
		{A5140851-9F98-4791-8E18-F541BF8230E1}.Debug|Any CPU.Build.0 = Debug|Any CPU
		{A5140851-9F98-4791-8E18-F541BF8230E1}.Release|Any CPU.ActiveCfg = Release|Any CPU
		{A5140851-9F98-4791-8E18-F541BF8230E1}.Release|Any CPU.Build.0 = Release|Any CPU
	EndGlobalSection
	GlobalSection(SolutionProperties) = preSolution
		HideSolutionNode = FALSE
	EndGlobalSection
	GlobalSection(ExtensibilityGlobals) = postSolution
		SolutionGuid = {AA01F144-97D2-4D1E-8333-C08B474650EC}
	EndGlobalSection
EndGlobal
